
Microsoft Visual Studio Solution File, Format Version 12.00
# Visual Studio 2015
Project("{FAE04EC0-301F-11D3-BF4B-00C04F79EFBC}") = "nightAtTheMuseum", "nightAtTheMuseum.csproj", "{4C50014E-6EB1-692F-2E43-9615B8197060}"
EndProject
Project("{FAE04EC0-301F-11D3-BF4B-00C04F79EFBC}") = "nightAtTheMuseum.Editor", "nightAtTheMuseum.Editor.csproj", "{70522CBD-B63D-484B-75C5-5A25D280436A}"
EndProject
Global
	GlobalSection(SolutionConfigurationPlatforms) = preSolution
		Debug|Any CPU = Debug|Any CPU
		Release|Any CPU = Release|Any CPU
	EndGlobalSection
	GlobalSection(ProjectConfigurationPlatforms) = postSolution
		{4C50014E-6EB1-692F-2E43-9615B8197060}.Debug|Any CPU.ActiveCfg = Debug|Any CPU
		{4C50014E-6EB1-692F-2E43-9615B8197060}.Debug|Any CPU.Build.0 = Debug|Any CPU
		{4C50014E-6EB1-692F-2E43-9615B8197060}.Release|Any CPU.ActiveCfg = Release|Any CPU
		{4C50014E-6EB1-692F-2E43-9615B8197060}.Release|Any CPU.Build.0 = Release|Any CPU
		{70522CBD-B63D-484B-75C5-5A25D280436A}.Debug|Any CPU.ActiveCfg = Debug|Any CPU
		{70522CBD-B63D-484B-75C5-5A25D280436A}.Debug|Any CPU.Build.0 = Debug|Any CPU
		{70522CBD-B63D-484B-75C5-5A25D280436A}.Release|Any CPU.ActiveCfg = Release|Any CPU
		{70522CBD-B63D-484B-75C5-5A25D280436A}.Release|Any CPU.Build.0 = Release|Any CPU
	EndGlobalSection
	GlobalSection(SolutionProperties) = preSolution
		HideSolutionNode = FALSE
	EndGlobalSection
EndGlobal
